Microsoft Visual Studio Solution File, Format Version 12.00
Project("{FAE04EC0-301F-11D3-BF4B-00C04F79EFBC}") = "Minibank.Core", "Minibank.Core\Minibank.Core.csproj", "{350C9542-3666-4A1E-9A71-19674D917EA2}"
EndProject
Project("{FAE04EC0-301F-11D3-BF4B-00C04F79EFBC}") = "Minibank.Data", "Minibank.Data\Minibank.Data.csproj", "{A8DA8C9C-C7C9-4EA5-9667-63955B496EA6}"
EndProject
Project("{FAE04EC0-301F-11D3-BF4B-00C04F79EFBC}") = "Minibank.Web", "Minibank.Web\Minibank.Web.csproj", "{867DFA80-08F8-4DC6-9F8F-F8AA25461F4A}"
EndProject
Project("{2150E333-8FDC-42A3-9474-1A3956D46DE8}") = "Tests", "Tests", "{D18E3DA8-D436-49C8-A918-E41D6578153F}"
EndProject
Project("{FAE04EC0-301F-11D3-BF4B-00C04F79EFBC}") = "Minibank.Core.Tests", "Minibank.Core.Tests\Minibank.Core.Tests.csproj", "{04BE38FB-01A5-4F28-9620-FBE4CF9EEBFF}"
EndProject
Global
	GlobalSection(SolutionConfigurationPlatforms) = preSolution
		Debug|Any CPU = Debug|Any CPU
		Release|Any CPU = Release|Any CPU
	EndGlobalSection
	GlobalSection(ProjectConfigurationPlatforms) = postSolution
		{350C9542-3666-4A1E-9A71-19674D917EA2}.Debug|Any CPU.ActiveCfg = Debug|Any CPU
		{350C9542-3666-4A1E-9A71-19674D917EA2}.Debug|Any CPU.Build.0 = Debug|Any CPU
		{350C9542-3666-4A1E-9A71-19674D917EA2}.Release|Any CPU.ActiveCfg = Release|Any CPU
		{350C9542-3666-4A1E-9A71-19674D917EA2}.Release|Any CPU.Build.0 = Release|Any CPU
		{A8DA8C9C-C7C9-4EA5-9667-63955B496EA6}.Debug|Any CPU.ActiveCfg = Debug|Any CPU
		{A8DA8C9C-C7C9-4EA5-9667-63955B496EA6}.Debug|Any CPU.Build.0 = Debug|Any CPU
		{A8DA8C9C-C7C9-4EA5-9667-63955B496EA6}.Release|Any CPU.ActiveCfg = Release|Any CPU
		{A8DA8C9C-C7C9-4EA5-9667-63955B496EA6}.Release|Any CPU.Build.0 = Release|Any CPU
		{867DFA80-08F8-4DC6-9F8F-F8AA25461F4A}.Debug|Any CPU.ActiveCfg = Debug|Any CPU
		{867DFA80-08F8-4DC6-9F8F-F8AA25461F4A}.Debug|Any CPU.Build.0 = Debug|Any CPU
		{867DFA80-08F8-4DC6-9F8F-F8AA25461F4A}.Release|Any CPU.ActiveCfg = Release|Any CPU
		{867DFA80-08F8-4DC6-9F8F-F8AA25461F4A}.Release|Any CPU.Build.0 = Release|Any CPU
		{04BE38FB-01A5-4F28-9620-FBE4CF9EEBFF}.Debug|Any CPU.ActiveCfg = Debug|Any CPU
		{04BE38FB-01A5-4F28-9620-FBE4CF9EEBFF}.Debug|Any CPU.Build.0 = Debug|Any CPU
		{04BE38FB-01A5-4F28-9620-FBE4CF9EEBFF}.Release|Any CPU.ActiveCfg = Release|Any CPU
		{04BE38FB-01A5-4F28-9620-FBE4CF9EEBFF}.Release|Any CPU.Build.0 = Release|Any CPU
	EndGlobalSection
	GlobalSection(NestedProjects) = preSolution
		{04BE38FB-01A5-4F28-9620-FBE4CF9EEBFF} = {D18E3DA8-D436-49C8-A918-E41D6578153F}
	EndGlobalSection
EndGlobal
